PODS:
  - Nimble (9.2.1)
  - OHHTTPStubs/Core (9.1.0)
  - OHHTTPStubs/Default (9.1.0):
    - OHHTTPStubs/Core
    - OHHTTPStubs/JSON
    - OHHTTPStubs/NSURLSession
    - OHHTTPStubs/OHPathHelpers
  - OHHTTPStubs/JSON (9.1.0):
    - OHHTTPStubs/Core
  - OHHTTPStubs/NSURLSession (9.1.0):
    - OHHTTPStubs/Core
  - OHHTTPStubs/OHPathHelpers (9.1.0)
  - OHHTTPStubs/Swift (9.1.0):
    - OHHTTPStubs/Default
  - PromiseKit (6.15.3):
    - PromiseKit/CorePromise (= 6.15.3)
    - PromiseKit/Foundation (= 6.15.3)
    - PromiseKit/UIKit (= 6.15.3)
  - PromiseKit/CorePromise (6.15.3)
  - PromiseKit/Foundation (6.15.3):
    - PromiseKit/CorePromise
  - PromiseKit/UIKit (6.15.3):
    - PromiseKit/CorePromise
  - Quick (4.0.0)
  - Resolver (1.4.4)
  - SDWebImage (5.11.1):
    - SDWebImage/Core (= 5.11.1)
  - SDWebImage/Core (5.11.1)
  - SnapshotTesting (1.9.0)
  - SwiftyJSON (4.3.0)

DEPENDENCIES:
  - Nimble
  - OHHTTPStubs/Swift
  - PromiseKit (~> 6.8)
  - Quick
  - Resolver
  - SDWebImage (~> 5.0)
  - SnapshotTesting (~> 1.9.0)
  - SwiftyJSON (~> 4.0)

SPEC REPOS:
  trunk:
    - Nimble
    - OHHTTPStubs
    - PromiseKit
    - Quick
    - Resolver
    - SDWebImage
    - SnapshotTesting
    - SwiftyJSON

SPEC CHECKSUMS:
  Nimble: e7e615c0335ee4bf5b0d786685451e62746117d5
  OHHTTPStubs: 90eac6d8f2c18317baeca36698523dc67c513831
  PromiseKit: 3b2b6995e51a954c46dbc550ce3da44fbfb563c5
  Quick: 6473349e43b9271a8d43839d9ba1c442ed1b7ac4
  Resolver: ec76daf652ac898b1e8a449cd9df3b45b5ce8196
  SDWebImage: a7f831e1a65eb5e285e3fb046a23fcfbf08e696d
  SnapshotTesting: 6141c48b6aa76ead61431ca665c14ab9a066c53b
  SwiftyJSON: 6faa0040f8b59dead0ee07436cbf76b73c08fd08

PODFILE CHECKSUM: b63d2bafca6fe5bdc92d5426814991d3ce35b0a6

COCOAPODS: 1.10.1
