// !$*UTF8*$!
{
	archiveVersion = 1;
	classes = {
	};
	objectVersion = 51;
	objects = {

/* Begin PBXBuildFile section */
		0E2FDB4E3B84FE89EF206146 /* Pods_GitHub_SearchTests.framework in Frameworks */ = {isa = PBXBuildFile; fileRef = 0D94ED79C223CA0F9154B100 /* Pods_GitHub_SearchTests.framework */; };
		5E6CDF898520E08A980199E4 /* Pods_GitHub_Search_GitHub_SearchUITests.framework in Frameworks */ = {isa = PBXBuildFile; fileRef = E9D4A6FEA5E9C4FD1B5EE28E /* Pods_GitHub_Search_GitHub_SearchUITests.framework */; };
		A6A99D2EE2A3AE57F762EBC5 /* Pods_GitHub_Search.framework in Frameworks */ = {isa = PBXBuildFile; fileRef = FC35FADDDC440450CEBBFD3F /* Pods_GitHub_Search.framework */; };
		B650C35526DD20D300795627 /* AppDelegate.swift in Sources */ = {isa = PBXBuildFile; fileRef = B650C35426DD20D300795627 /* AppDelegate.swift */; };
		B650C35726DD20D300795627 /* SceneDelegate.swift in Sources */ = {isa = PBXBuildFile; fileRef = B650C35626DD20D300795627 /* SceneDelegate.swift */; };
		B650C35C26DD20D300795627 /* Main.storyboard in Resources */ = {isa = PBXBuildFile; fileRef = B650C35A26DD20D300795627 /* Main.storyboard */; };
		B650C35E26DD20D400795627 /* Assets.xcassets in Resources */ = {isa = PBXBuildFile; fileRef = B650C35D26DD20D400795627 /* Assets.xcassets */; };
		B650C36126DD20D400795627 /* LaunchScreen.storyboard in Resources */ = {isa = PBXBuildFile; fileRef = B650C35F26DD20D400795627 /* LaunchScreen.storyboard */; };
		B650C37726DD20D400795627 /* GitHub_SearchUITests.swift in Sources */ = {isa = PBXBuildFile; fileRef = B650C37626DD20D400795627 /* GitHub_SearchUITests.swift */; };
		B650C38826DD214C00795627 /* APIRequest.swift in Sources */ = {isa = PBXBuildFile; fileRef = B650C38726DD214C00795627 /* APIRequest.swift */; };
		B650C39426DD21C100795627 /* Repository.swift in Sources */ = {isa = PBXBuildFile; fileRef = B650C39326DD21C100795627 /* Repository.swift */; };
		B650C39C26DD280C00795627 /* APIClientTests.swift in Sources */ = {isa = PBXBuildFile; fileRef = B650C39B26DD280C00795627 /* APIClientTests.swift */; };
		B650C39F26DD284F00795627 /* mockSearchResponse.json in Resources */ = {isa = PBXBuildFile; fileRef = B650C39E26DD284F00795627 /* mockSearchResponse.json */; };
		B650C3A326DD28EB00795627 /* APIErrorHandler.swift in Sources */ = {isa = PBXBuildFile; fileRef = B650C3A226DD28EB00795627 /* APIErrorHandler.swift */; };
		B650C3A526DD294A00795627 /* APIClient.swift in Sources */ = {isa = PBXBuildFile; fileRef = B650C3A426DD294A00795627 /* APIClient.swift */; };
		B650C3A726DD2B9C00795627 /* HTTPMethod.swift in Sources */ = {isa = PBXBuildFile; fileRef = B650C3A626DD2B9C00795627 /* HTTPMethod.swift */; };
		B650C3AA26DD2FD200795627 /* JSONDecodable.swift in Sources */ = {isa = PBXBuildFile; fileRef = B650C3A926DD2FD200795627 /* JSONDecodable.swift */; };
		B650C3AD26DD306600795627 /* ResponseParsingError.swift in Sources */ = {isa = PBXBuildFile; fileRef = B650C3AC26DD306600795627 /* ResponseParsingError.swift */; };
		B650C3AF26DD357900795627 /* Thenable+Extensions.swift in Sources */ = {isa = PBXBuildFile; fileRef = B650C3AE26DD357900795627 /* Thenable+Extensions.swift */; };
		B67C7F3226E8DC8D00FAB498 /* SearchRepositoriesRequest.swift in Sources */ = {isa = PBXBuildFile; fileRef = B67C7F3126E8DC8D00FAB498 /* SearchRepositoriesRequest.swift */; };
		B67C7F3526E8DDD600FAB498 /* MainPresenter.swift in Sources */ = {isa = PBXBuildFile; fileRef = B67C7F3326E8DDD600FAB498 /* MainPresenter.swift */; };
		B67C7F3626E8DDD600FAB498 /* MainViewController.swift in Sources */ = {isa = PBXBuildFile; fileRef = B67C7F3426E8DDD600FAB498 /* MainViewController.swift */; };
		B67C7F3D26E8F6E000FAB498 /* ResponseParser.swift in Sources */ = {isa = PBXBuildFile; fileRef = B67C7F3C26E8F6E000FAB498 /* ResponseParser.swift */; };
		B67C7F4326E8F7CC00FAB498 /* SearchRepositoriesResponseParser.swift in Sources */ = {isa = PBXBuildFile; fileRef = B67C7F4226E8F7CC00FAB498 /* SearchRepositoriesResponseParser.swift */; };
		B67C7F4526E8FB6800FAB498 /* JSONResponseParser.swift in Sources */ = {isa = PBXBuildFile; fileRef = B67C7F4426E8FB6800FAB498 /* JSONResponseParser.swift */; };
		B67C7F4926E8FF7E00FAB498 /* SearchRepositoriesResponse.swift in Sources */ = {isa = PBXBuildFile; fileRef = B67C7F4826E8FF7E00FAB498 /* SearchRepositoriesResponse.swift */; };
		B67C7F4B26E90C2900FAB498 /* SearchRepositoriesNextPageRequest.swift in Sources */ = {isa = PBXBuildFile; fileRef = B67C7F4A26E90C2900FAB498 /* SearchRepositoriesNextPageRequest.swift */; };
		B67C7F4E26E90ED400FAB498 /* MainPresenterTests.swift in Sources */ = {isa = PBXBuildFile; fileRef = B67C7F4D26E90ED400FAB498 /* MainPresenterTests.swift */; };
/* End PBXBuildFile section */

/* Begin PBXContainerItemProxy section */
		B650C36826DD20D400795627 /* PBXContainerItemProxy */ = {
			isa = PBXContainerItemProxy;
			containerPortal = B650C34926DD20D300795627 /* Project object */;
			proxyType = 1;
			remoteGlobalIDString = B650C35026DD20D300795627;
			remoteInfo = "GitHub Search";
		};
		B650C37326DD20D400795627 /* PBXContainerItemProxy */ = {
			isa = PBXContainerItemProxy;
			containerPortal = B650C34926DD20D300795627 /* Project object */;
			proxyType = 1;
			remoteGlobalIDString = B650C35026DD20D300795627;
			remoteInfo = "GitHub Search";
		};
/* End PBXContainerItemProxy section */

/* Begin PBXFileReference section */
		0809FFE48ABC9C9A1693D327 /* Pods-GitHub Search-GitHub SearchUITests.debug.xcconfig */ = {isa = PBXFileReference; includeInIndex = 1; lastKnownFileType = text.xcconfig; name = "Pods-GitHub Search-GitHub SearchUITests.debug.xcconfig"; path = "Target Support Files/Pods-GitHub Search-GitHub SearchUITests/Pods-GitHub Search-GitHub SearchUITests.debug.xcconfig"; sourceTree = "<group>"; };
		0D94ED79C223CA0F9154B100 /* Pods_GitHub_SearchTests.framework */ = {isa = PBXFileReference; explicitFileType = wrapper.framework; includeInIndex = 0; path = Pods_GitHub_SearchTests.framework; sourceTree = BUILT_PRODUCTS_DIR; };
		6D346DECB1E09719B98FA1D3 /* Pods-GitHub SearchTests.release.xcconfig */ = {isa = PBXFileReference; includeInIndex = 1; lastKnownFileType = text.xcconfig; name = "Pods-GitHub SearchTests.release.xcconfig"; path = "Target Support Files/Pods-GitHub SearchTests/Pods-GitHub SearchTests.release.xcconfig"; sourceTree = "<group>"; };
		838F173A6565E42298DB4F8F /* Pods-GitHub SearchTests.debug.xcconfig */ = {isa = PBXFileReference; includeInIndex = 1; lastKnownFileType = text.xcconfig; name = "Pods-GitHub SearchTests.debug.xcconfig"; path = "Target Support Files/Pods-GitHub SearchTests/Pods-GitHub SearchTests.debug.xcconfig"; sourceTree = "<group>"; };
		B650C35126DD20D300795627 /* GitHub Search.app */ = {isa = PBXFileReference; explicitFileType = wrapper.application; includeInIndex = 0; path = "GitHub Search.app"; sourceTree = BUILT_PRODUCTS_DIR; };
		B650C35426DD20D300795627 /* AppDelegate.swift */ = {isa = PBXFileReference; lastKnownFileType = sourcecode.swift; path = AppDelegate.swift; sourceTree = "<group>"; };
		B650C35626DD20D300795627 /* SceneDelegate.swift */ = {isa = PBXFileReference; lastKnownFileType = sourcecode.swift; path = SceneDelegate.swift; sourceTree = "<group>"; };
		B650C35B26DD20D300795627 /* Base */ = {isa = PBXFileReference; lastKnownFileType = file.storyboard; name = Base; path = Base.lproj/Main.storyboard; sourceTree = "<group>"; };
		B650C35D26DD20D400795627 /* Assets.xcassets */ = {isa = PBXFileReference; lastKnownFileType = folder.assetcatalog; path = Assets.xcassets; sourceTree = "<group>"; };
		B650C36026DD20D400795627 /* Base */ = {isa = PBXFileReference; lastKnownFileType = file.storyboard; name = Base; path = Base.lproj/LaunchScreen.storyboard; sourceTree = "<group>"; };
		B650C36226DD20D400795627 /* Info.plist */ = {isa = PBXFileReference; lastKnownFileType = text.plist.xml; path = Info.plist; sourceTree = "<group>"; };
		B650C36726DD20D400795627 /* GitHub SearchTests.xctest */ = {isa = PBXFileReference; explicitFileType = wrapper.cfbundle; includeInIndex = 0; path = "GitHub SearchTests.xctest"; sourceTree = BUILT_PRODUCTS_DIR; };
		B650C36D26DD20D400795627 /* Info.plist */ = {isa = PBXFileReference; lastKnownFileType = text.plist.xml; path = Info.plist; sourceTree = "<group>"; };
		B650C37226DD20D400795627 /* GitHub SearchUITests.xctest */ = {isa = PBXFileReference; explicitFileType = wrapper.cfbundle; includeInIndex = 0; path = "GitHub SearchUITests.xctest"; sourceTree = BUILT_PRODUCTS_DIR; };
		B650C37626DD20D400795627 /* GitHub_SearchUITests.swift */ = {isa = PBXFileReference; lastKnownFileType = sourcecode.swift; path = GitHub_SearchUITests.swift; sourceTree = "<group>"; };
		B650C37826DD20D400795627 /* Info.plist */ = {isa = PBXFileReference; lastKnownFileType = text.plist.xml; path = Info.plist; sourceTree = "<group>"; };
		B650C38726DD214C00795627 /* APIRequest.swift */ = {isa = PBXFileReference; lastKnownFileType = sourcecode.swift; path = APIRequest.swift; sourceTree = "<group>"; };
		B650C39326DD21C100795627 /* Repository.swift */ = {isa = PBXFileReference; lastKnownFileType = sourcecode.swift; path = Repository.swift; sourceTree = "<group>"; };
		B650C39B26DD280C00795627 /* APIClientTests.swift */ = {isa = PBXFileReference; lastKnownFileType = sourcecode.swift; path = APIClientTests.swift; sourceTree = "<group>"; };
		B650C39E26DD284F00795627 /* mockSearchResponse.json */ = {isa = PBXFileReference; fileEncoding = 4; lastKnownFileType = text.json; path = mockSearchResponse.json; sourceTree = "<group>"; };
		B650C3A226DD28EB00795627 /* APIErrorHandler.swift */ = {isa = PBXFileReference; fileEncoding = 4; lastKnownFileType = sourcecode.swift; path = APIErrorHandler.swift; sourceTree = "<group>"; };
		B650C3A426DD294A00795627 /* APIClient.swift */ = {isa = PBXFileReference; lastKnownFileType = sourcecode.swift; path = APIClient.swift; sourceTree = "<group>"; };
		B650C3A626DD2B9C00795627 /* HTTPMethod.swift */ = {isa = PBXFileReference; fileEncoding = 4; lastKnownFileType = sourcecode.swift; path = HTTPMethod.swift; sourceTree = "<group>"; };
		B650C3A926DD2FD200795627 /* JSONDecodable.swift */ = {isa = PBXFileReference; lastKnownFileType = sourcecode.swift; path = JSONDecodable.swift; sourceTree = "<group>"; };
		B650C3AC26DD306600795627 /* ResponseParsingError.swift */ = {isa = PBXFileReference; lastKnownFileType = sourcecode.swift; path = ResponseParsingError.swift; sourceTree = "<group>"; };
		B650C3AE26DD357900795627 /* Thenable+Extensions.swift */ = {isa = PBXFileReference; fileEncoding = 4; lastKnownFileType = sourcecode.swift; path = "Thenable+Extensions.swift"; sourceTree = "<group>"; };
		B67C7F3126E8DC8D00FAB498 /* SearchRepositoriesRequest.swift */ = {isa = PBXFileReference; lastKnownFileType = sourcecode.swift; path = SearchRepositoriesRequest.swift; sourceTree = "<group>"; };
		B67C7F3326E8DDD600FAB498 /* MainPresenter.swift */ = {isa = PBXFileReference; lastKnownFileType = sourcecode.swift; path = MainPresenter.swift; sourceTree = "<group>"; };
		B67C7F3426E8DDD600FAB498 /* MainViewController.swift */ = {isa = PBXFileReference; lastKnownFileType = sourcecode.swift; path = MainViewController.swift; sourceTree = "<group>"; };
		B67C7F3C26E8F6E000FAB498 /* ResponseParser.swift */ = {isa = PBXFileReference; lastKnownFileType = sourcecode.swift; path = ResponseParser.swift; sourceTree = "<group>"; };
		B67C7F4226E8F7CC00FAB498 /* SearchRepositoriesResponseParser.swift */ = {isa = PBXFileReference; lastKnownFileType = sourcecode.swift; path = SearchRepositoriesResponseParser.swift; sourceTree = "<group>"; };
		B67C7F4426E8FB6800FAB498 /* JSONResponseParser.swift */ = {isa = PBXFileReference; lastKnownFileType = sourcecode.swift; path = JSONResponseParser.swift; sourceTree = "<group>"; };
		B67C7F4826E8FF7E00FAB498 /* SearchRepositoriesResponse.swift */ = {isa = PBXFileReference; lastKnownFileType = sourcecode.swift; path = SearchRepositoriesResponse.swift; sourceTree = "<group>"; };
		B67C7F4A26E90C2900FAB498 /* SearchRepositoriesNextPageRequest.swift */ = {isa = PBXFileReference; lastKnownFileType = sourcecode.swift; path = SearchRepositoriesNextPageRequest.swift; sourceTree = "<group>"; };
		B67C7F4D26E90ED400FAB498 /* MainPresenterTests.swift */ = {isa = PBXFileReference; lastKnownFileType = sourcecode.swift; path = MainPresenterTests.swift; sourceTree = "<group>"; };
		BB7473C19719CC8585AAFEE4 /* Pods-GitHub Search.debug.xcconfig */ = {isa = PBXFileReference; includeInIndex = 1; lastKnownFileType = text.xcconfig; name = "Pods-GitHub Search.debug.xcconfig"; path = "Target Support Files/Pods-GitHub Search/Pods-GitHub Search.debug.xcconfig"; sourceTree = "<group>"; };
		C8011ACBA920F17E3B33DA49 /* Pods-GitHub Search.release.xcconfig */ = {isa = PBXFileReference; includeInIndex = 1; lastKnownFileType = text.xcconfig; name = "Pods-GitHub Search.release.xcconfig"; path = "Target Support Files/Pods-GitHub Search/Pods-GitHub Search.release.xcconfig"; sourceTree = "<group>"; };
		DDF659558C2631871E007AE6 /* Pods-GitHub Search-GitHub SearchUITests.release.xcconfig */ = {isa = PBXFileReference; includeInIndex = 1; lastKnownFileType = text.xcconfig; name = "Pods-GitHub Search-GitHub SearchUITests.release.xcconfig"; path = "Target Support Files/Pods-GitHub Search-GitHub SearchUITests/Pods-GitHub Search-GitHub SearchUITests.release.xcconfig"; sourceTree = "<group>"; };
		E9D4A6FEA5E9C4FD1B5EE28E /* Pods_GitHub_Search_GitHub_SearchUITests.framework */ = {isa = PBXFileReference; explicitFileType = wrapper.framework; includeInIndex = 0; path = Pods_GitHub_Search_GitHub_SearchUITests.framework; sourceTree = BUILT_PRODUCTS_DIR; };
		FC35FADDDC440450CEBBFD3F /* Pods_GitHub_Search.framework */ = {isa = PBXFileReference; explicitFileType = wrapper.framework; includeInIndex = 0; path = Pods_GitHub_Search.framework; sourceTree = BUILT_PRODUCTS_DIR; };
/* End PBXFileReference section */

/* Begin PBXFrameworksBuildPhase section */
		B650C34E26DD20D300795627 /* Frameworks */ = {
			isa = PBXFrameworksBuildPhase;
			buildActionMask = 2147483647;
			files = (
				A6A99D2EE2A3AE57F762EBC5 /* Pods_GitHub_Search.framework in Frameworks */,
			);
			runOnlyForDeploymentPostprocessing = 0;
		};
		B650C36426DD20D400795627 /* Frameworks */ = {
			isa = PBXFrameworksBuildPhase;
			buildActionMask = 2147483647;
			files = (
				0E2FDB4E3B84FE89EF206146 /* Pods_GitHub_SearchTests.framework in Frameworks */,
			);
			runOnlyForDeploymentPostprocessing = 0;
		};
		B650C36F26DD20D400795627 /* Frameworks */ = {
			isa = PBXFrameworksBuildPhase;
			buildActionMask = 2147483647;
			files = (
				5E6CDF898520E08A980199E4 /* Pods_GitHub_Search_GitHub_SearchUITests.framework in Frameworks */,
			);
			runOnlyForDeploymentPostprocessing = 0;
		};
/* End PBXFrameworksBuildPhase section */

/* Begin PBXGroup section */
		22953F93AEA0FAB0E7FF49EA /* Pods */ = {
			isa = PBXGroup;
			children = (
				BB7473C19719CC8585AAFEE4 /* Pods-GitHub Search.debug.xcconfig */,
				C8011ACBA920F17E3B33DA49 /* Pods-GitHub Search.release.xcconfig */,
				0809FFE48ABC9C9A1693D327 /* Pods-GitHub Search-GitHub SearchUITests.debug.xcconfig */,
				DDF659558C2631871E007AE6 /* Pods-GitHub Search-GitHub SearchUITests.release.xcconfig */,
				838F173A6565E42298DB4F8F /* Pods-GitHub SearchTests.debug.xcconfig */,
				6D346DECB1E09719B98FA1D3 /* Pods-GitHub SearchTests.release.xcconfig */,
			);
			path = Pods;
			sourceTree = "<group>";
		};
		B650C34826DD20D300795627 = {
			isa = PBXGroup;
			children = (
				B650C35326DD20D300795627 /* GitHub Search */,
				B650C36A26DD20D400795627 /* GitHub SearchTests */,
				B650C37526DD20D400795627 /* GitHub SearchUITests */,
				B650C35226DD20D300795627 /* Products */,
				22953F93AEA0FAB0E7FF49EA /* Pods */,
				EC9DB5E74F5E8E269CBA904E /* Frameworks */,
			);
			sourceTree = "<group>";
		};
		B650C35226DD20D300795627 /* Products */ = {
			isa = PBXGroup;
			children = (
				B650C35126DD20D300795627 /* GitHub Search.app */,
				B650C36726DD20D400795627 /* GitHub SearchTests.xctest */,
				B650C37226DD20D400795627 /* GitHub SearchUITests.xctest */,
			);
			name = Products;
			sourceTree = "<group>";
		};
		B650C35326DD20D300795627 /* GitHub Search */ = {
			isa = PBXGroup;
			children = (
				B650C38526DD212A00795627 /* Application */,
				B650C3A026DD28A900795627 /* Core */,
				B650C38426DD210700795627 /* Resources */,
				B650C38A26DD217B00795627 /* Screens */,
			);
			path = "GitHub Search";
			sourceTree = "<group>";
		};
		B650C36A26DD20D400795627 /* GitHub SearchTests */ = {
			isa = PBXGroup;
			children = (
				B67C7F4C26E90E2300FAB498 /* Screens */,
				B650C39D26DD284000795627 /* Resources */,
				B650C36D26DD20D400795627 /* Info.plist */,
				B67C7F4626E8FD2600FAB498 /* Core */,
			);
			path = "GitHub SearchTests";
			sourceTree = "<group>";
		};
		B650C37526DD20D400795627 /* GitHub SearchUITests */ = {
			isa = PBXGroup;
			children = (
				B650C37626DD20D400795627 /* GitHub_SearchUITests.swift */,
				B650C37826DD20D400795627 /* Info.plist */,
			);
			path = "GitHub SearchUITests";
			sourceTree = "<group>";
		};
		B650C38426DD210700795627 /* Resources */ = {
			isa = PBXGroup;
			children = (
				B650C35A26DD20D300795627 /* Main.storyboard */,
				B650C35D26DD20D400795627 /* Assets.xcassets */,
				B650C35F26DD20D400795627 /* LaunchScreen.storyboard */,
				B650C36226DD20D400795627 /* Info.plist */,
			);
			path = Resources;
			sourceTree = "<group>";
		};
		B650C38526DD212A00795627 /* Application */ = {
			isa = PBXGroup;
			children = (
				B650C35426DD20D300795627 /* AppDelegate.swift */,
				B650C35626DD20D300795627 /* SceneDelegate.swift */,
			);
			path = Application;
			sourceTree = "<group>";
		};
		B650C38626DD213300795627 /* Networking */ = {
			isa = PBXGroup;
			children = (
				B650C3AB26DD302900795627 /* Errors */,
				B67C7F2F26E8DC7200FAB498 /* Core */,
			);
			path = Networking;
			sourceTree = "<group>";
		};
		B650C38926DD217000795627 /* Main */ = {
			isa = PBXGroup;
			children = (
				B67C7F3326E8DDD600FAB498 /* MainPresenter.swift */,
				B67C7F3426E8DDD600FAB498 /* MainViewController.swift */,
				B650C39226DD21B200795627 /* Models */,
				B67C7F3026E8DC7700FAB498 /* Requests */,
				B67C7F4126E8F7B600FAB498 /* Response Parsers */,
			);
			path = Main;
			sourceTree = "<group>";
		};
		B650C38A26DD217B00795627 /* Screens */ = {
			isa = PBXGroup;
			children = (
				B650C38926DD217000795627 /* Main */,
			);
			path = Screens;
			sourceTree = "<group>";
		};
		B650C39226DD21B200795627 /* Models */ = {
			isa = PBXGroup;
			children = (
				B650C39326DD21C100795627 /* Repository.swift */,
				B67C7F4826E8FF7E00FAB498 /* SearchRepositoriesResponse.swift */,
			);
			path = Models;
			sourceTree = "<group>";
		};
		B650C39D26DD284000795627 /* Resources */ = {
			isa = PBXGroup;
			children = (
				B650C39E26DD284F00795627 /* mockSearchResponse.json */,
			);
			path = Resources;
			sourceTree = "<group>";
		};
		B650C3A026DD28A900795627 /* Core */ = {
			isa = PBXGroup;
			children = (
				B650C3B026DD358000795627 /* Extensions */,
				B650C38626DD213300795627 /* Networking */,
				B650C3A826DD2FC500795627 /* Protocols */,
			);
			path = Core;
			sourceTree = "<group>";
		};
		B650C3A826DD2FC500795627 /* Protocols */ = {
			isa = PBXGroup;
			children = (
				B650C3A926DD2FD200795627 /* JSONDecodable.swift */,
			);
			path = Protocols;
			sourceTree = "<group>";
		};
		B650C3AB26DD302900795627 /* Errors */ = {
			isa = PBXGroup;
			children = (
				B650C3AC26DD306600795627 /* ResponseParsingError.swift */,
			);
			path = Errors;
			sourceTree = "<group>";
		};
		B650C3B026DD358000795627 /* Extensions */ = {
			isa = PBXGroup;
			children = (
				B650C3AE26DD357900795627 /* Thenable+Extensions.swift */,
			);
			path = Extensions;
			sourceTree = "<group>";
		};
		B67C7F2F26E8DC7200FAB498 /* Core */ = {
			isa = PBXGroup;
			children = (
				B650C3A426DD294A00795627 /* APIClient.swift */,
				B650C3A226DD28EB00795627 /* APIErrorHandler.swift */,
				B650C38726DD214C00795627 /* APIRequest.swift */,
				B650C3A626DD2B9C00795627 /* HTTPMethod.swift */,
				B67C7F4426E8FB6800FAB498 /* JSONResponseParser.swift */,
				B67C7F3C26E8F6E000FAB498 /* ResponseParser.swift */,
			);
			path = Core;
			sourceTree = "<group>";
		};
		B67C7F3026E8DC7700FAB498 /* Requests */ = {
			isa = PBXGroup;
			children = (
				B67C7F3126E8DC8D00FAB498 /* SearchRepositoriesRequest.swift */,
				B67C7F4A26E90C2900FAB498 /* SearchRepositoriesNextPageRequest.swift */,
			);
			path = Requests;
			sourceTree = "<group>";
		};
		B67C7F4126E8F7B600FAB498 /* Response Parsers */ = {
			isa = PBXGroup;
			children = (
				B67C7F4226E8F7CC00FAB498 /* SearchRepositoriesResponseParser.swift */,
			);
			path = "Response Parsers";
			sourceTree = "<group>";
		};
		B67C7F4626E8FD2600FAB498 /* Core */ = {
			isa = PBXGroup;
			children = (
				B650C39B26DD280C00795627 /* APIClientTests.swift */,
			);
			path = Core;
			sourceTree = "<group>";
		};
		B67C7F4C26E90E2300FAB498 /* Screens */ = {
			isa = PBXGroup;
			children = (
				B67C7F4D26E90ED400FAB498 /* MainPresenterTests.swift */,
			);
			path = Screens;
			sourceTree = "<group>";
		};
		EC9DB5E74F5E8E269CBA904E /* Frameworks */ = {
			isa = PBXGroup;
			children = (
				FC35FADDDC440450CEBBFD3F /* Pods_GitHub_Search.framework */,
				E9D4A6FEA5E9C4FD1B5EE28E /* Pods_GitHub_Search_GitHub_SearchUITests.framework */,
				0D94ED79C223CA0F9154B100 /* Pods_GitHub_SearchTests.framework */,
			);
			name = Frameworks;
			sourceTree = "<group>";
		};
/* End PBXGroup section */

/* Begin PBXNativeTarget section */
		B650C35026DD20D300795627 /* GitHub Search */ = {
			isa = PBXNativeTarget;
			buildConfigurationList = B650C37B26DD20D400795627 /* Build configuration list for PBXNativeTarget "GitHub Search" */;
			buildPhases = (
				4CBBA9A34B6841E74D2661A0 /* [CP] Check Pods Manifest.lock */,
				B650C34D26DD20D300795627 /* Sources */,
				B650C34E26DD20D300795627 /* Frameworks */,
				B650C34F26DD20D300795627 /* Resources */,
				58E4684FFD28B20BAAC4126B /* [CP] Embed Pods Frameworks */,
			);
			buildRules = (
			);
			dependencies = (
			);
			name = "GitHub Search";
			packageProductDependencies = (
			);
			productName = "GitHub Search";
			productReference = B650C35126DD20D300795627 /* GitHub Search.app */;
			productType = "com.apple.product-type.application";
		};
		B650C36626DD20D400795627 /* GitHub SearchTests */ = {
			isa = PBXNativeTarget;
			buildConfigurationList = B650C37E26DD20D400795627 /* Build configuration list for PBXNativeTarget "GitHub SearchTests" */;
			buildPhases = (
				1C3ABD77E8FF38CB122C81B0 /* [CP] Check Pods Manifest.lock */,
				B650C36326DD20D400795627 /* Sources */,
				B650C36426DD20D400795627 /* Frameworks */,
				B650C36526DD20D400795627 /* Resources */,
				9797F446688A0F7D6994C3EA /* [CP] Embed Pods Frameworks */,
			);
			buildRules = (
			);
			dependencies = (
				B650C36926DD20D400795627 /* PBXTargetDependency */,
			);
			name = "GitHub SearchTests";
			productName = "GitHub SearchTests";
			productReference = B650C36726DD20D400795627 /* GitHub SearchTests.xctest */;
			productType = "com.apple.product-type.bundle.unit-test";
		};
		B650C37126DD20D400795627 /* GitHub SearchUITests */ = {
			isa = PBXNativeTarget;
			buildConfigurationList = B650C38126DD20D400795627 /* Build configuration list for PBXNativeTarget "GitHub SearchUITests" */;
			buildPhases = (
				7736469C42587CF2A4D03C8B /* [CP] Check Pods Manifest.lock */,
				B650C36E26DD20D400795627 /* Sources */,
				B650C36F26DD20D400795627 /* Frameworks */,
				B650C37026DD20D400795627 /* Resources */,
				70C42C927DB047AEFD82CDFF /* [CP] Embed Pods Frameworks */,
			);
			buildRules = (
			);
			dependencies = (
				B650C37426DD20D400795627 /* PBXTargetDependency */,
			);
			name = "GitHub SearchUITests";
			productName = "GitHub SearchUITests";
			productReference = B650C37226DD20D400795627 /* GitHub SearchUITests.xctest */;
			productType = "com.apple.product-type.bundle.ui-testing";
		};
/* End PBXNativeTarget section */

/* Begin PBXProject section */
		B650C34926DD20D300795627 /* Project object */ = {
			isa = PBXProject;
			attributes = {
				LastSwiftUpdateCheck = 1250;
				LastUpgradeCheck = 1250;
				TargetAttributes = {
					B650C35026DD20D300795627 = {
						CreatedOnToolsVersion = 12.5.1;
					};
					B650C36626DD20D400795627 = {
						CreatedOnToolsVersion = 12.5.1;
						LastSwiftMigration = 1250;
						TestTargetID = B650C35026DD20D300795627;
					};
					B650C37126DD20D400795627 = {
						CreatedOnToolsVersion = 12.5.1;
						TestTargetID = B650C35026DD20D300795627;
					};
				};
			};
			buildConfigurationList = B650C34C26DD20D300795627 /* Build configuration list for PBXProject "GitHub Search" */;
			compatibilityVersion = "Xcode 9.3";
			developmentRegion = en;
			hasScannedForEncodings = 0;
			knownRegions = (
				en,
				Base,
			);
			mainGroup = B650C34826DD20D300795627;
			packageReferences = (
			);
			productRefGroup = B650C35226DD20D300795627 /* Products */;
			projectDirPath = "";
			projectRoot = "";
			targets = (
				B650C35026DD20D300795627 /* GitHub Search */,
				B650C36626DD20D400795627 /* GitHub SearchTests */,
				B650C37126DD20D400795627 /* GitHub SearchUITests */,
			);
		};
/* End PBXProject section */

/* Begin PBXResourcesBuildPhase section */
		B650C34F26DD20D300795627 /* Resources */ = {
			isa = PBXResourcesBuildPhase;
			buildActionMask = 2147483647;
			files = (
				B650C36126DD20D400795627 /* LaunchScreen.storyboard in Resources */,
				B650C35E26DD20D400795627 /* Assets.xcassets in Resources */,
				B650C35C26DD20D300795627 /* Main.storyboard in Resources */,
			);
			runOnlyForDeploymentPostprocessing = 0;
		};
		B650C36526DD20D400795627 /* Resources */ = {
			isa = PBXResourcesBuildPhase;
			buildActionMask = 2147483647;
			files = (
				B650C39F26DD284F00795627 /* mockSearchResponse.json in Resources */,
			);
			runOnlyForDeploymentPostprocessing = 0;
		};
		B650C37026DD20D400795627 /* Resources */ = {
			isa = PBXResourcesBuildPhase;
			buildActionMask = 2147483647;
			files = (
			);
			runOnlyForDeploymentPostprocessing = 0;
		};
/* End PBXResourcesBuildPhase section */

/* Begin PBXShellScriptBuildPhase section */
		1C3ABD77E8FF38CB122C81B0 /* [CP] Check Pods Manifest.lock */ = {
			isa = PBXShellScriptBuildPhase;
			buildActionMask = 2147483647;
			files = (
			);
			inputFileListPaths = (
			);
			inputPaths = (
				"${PODS_PODFILE_DIR_PATH}/Podfile.lock",
				"${PODS_ROOT}/Manifest.lock",
			);
			name = "[CP] Check Pods Manifest.lock";
			outputFileListPaths = (
			);
			outputPaths = (
				"$(DERIVED_FILE_DIR)/Pods-GitHub SearchTests-checkManifestLockResult.txt",
			);
			runOnlyForDeploymentPostprocessing = 0;
			shellPath = /bin/sh;
			shellScript = "diff \"${PODS_PODFILE_DIR_PATH}/Podfile.lock\" \"${PODS_ROOT}/Manifest.lock\" > /dev/null\nif [ $? != 0 ] ; then\n    # print error to STDERR\n    echo \"error: The sandbox is not in sync with the Podfile.lock. Run 'pod install' or update your CocoaPods installation.\" >&2\n    exit 1\nfi\n# This output is used by Xcode 'outputs' to avoid re-running this script phase.\necho \"SUCCESS\" > \"${SCRIPT_OUTPUT_FILE_0}\"\n";
			showEnvVarsInLog = 0;
		};
		4CBBA9A34B6841E74D2661A0 /* [CP] Check Pods Manifest.lock */ = {
			isa = PBXShellScriptBuildPhase;
			buildActionMask = 2147483647;
			files = (
			);
			inputFileListPaths = (
			);
			inputPaths = (
				"${PODS_PODFILE_DIR_PATH}/Podfile.lock",
				"${PODS_ROOT}/Manifest.lock",
			);
			name = "[CP] Check Pods Manifest.lock";
			outputFileListPaths = (
			);
			outputPaths = (
				"$(DERIVED_FILE_DIR)/Pods-GitHub Search-checkManifestLockResult.txt",
			);
			runOnlyForDeploymentPostprocessing = 0;
			shellPath = /bin/sh;
			shellScript = "diff \"${PODS_PODFILE_DIR_PATH}/Podfile.lock\" \"${PODS_ROOT}/Manifest.lock\" > /dev/null\nif [ $? != 0 ] ; then\n    # print error to STDERR\n    echo \"error: The sandbox is not in sync with the Podfile.lock. Run 'pod install' or update your CocoaPods installation.\" >&2\n    exit 1\nfi\n# This output is used by Xcode 'outputs' to avoid re-running this script phase.\necho \"SUCCESS\" > \"${SCRIPT_OUTPUT_FILE_0}\"\n";
			showEnvVarsInLog = 0;
		};
		58E4684FFD28B20BAAC4126B /* [CP] Embed Pods Frameworks */ = {
			isa = PBXShellScriptBuildPhase;
			buildActionMask = 2147483647;
			files = (
			);
			inputFileListPaths = (
				"${PODS_ROOT}/Target Support Files/Pods-GitHub Search/Pods-GitHub Search-frameworks-${CONFIGURATION}-input-files.xcfilelist",
			);
			name = "[CP] Embed Pods Frameworks";
			outputFileListPaths = (
				"${PODS_ROOT}/Target Support Files/Pods-GitHub Search/Pods-GitHub Search-frameworks-${CONFIGURATION}-output-files.xcfilelist",
			);
			runOnlyForDeploymentPostprocessing = 0;
			shellPath = /bin/sh;
			shellScript = "\"${PODS_ROOT}/Target Support Files/Pods-GitHub Search/Pods-GitHub Search-frameworks.sh\"\n";
			showEnvVarsInLog = 0;
		};
		70C42C927DB047AEFD82CDFF /* [CP] Embed Pods Frameworks */ = {
			isa = PBXShellScriptBuildPhase;
			buildActionMask = 2147483647;
			files = (
			);
			inputFileListPaths = (
				"${PODS_ROOT}/Target Support Files/Pods-GitHub Search-GitHub SearchUITests/Pods-GitHub Search-GitHub SearchUITests-frameworks-${CONFIGURATION}-input-files.xcfilelist",
			);
			name = "[CP] Embed Pods Frameworks";
			outputFileListPaths = (
				"${PODS_ROOT}/Target Support Files/Pods-GitHub Search-GitHub SearchUITests/Pods-GitHub Search-GitHub SearchUITests-frameworks-${CONFIGURATION}-output-files.xcfilelist",
			);
			runOnlyForDeploymentPostprocessing = 0;
			shellPath = /bin/sh;
			shellScript = "\"${PODS_ROOT}/Target Support Files/Pods-GitHub Search-GitHub SearchUITests/Pods-GitHub Search-GitHub SearchUITests-frameworks.sh\"\n";
			showEnvVarsInLog = 0;
		};
		7736469C42587CF2A4D03C8B /* [CP] Check Pods Manifest.lock */ = {
			isa = PBXShellScriptBuildPhase;
			buildActionMask = 2147483647;
			files = (
			);
			inputFileListPaths = (
			);
			inputPaths = (
				"${PODS_PODFILE_DIR_PATH}/Podfile.lock",
				"${PODS_ROOT}/Manifest.lock",
			);
			name = "[CP] Check Pods Manifest.lock";
			outputFileListPaths = (
			);
			outputPaths = (
				"$(DERIVED_FILE_DIR)/Pods-GitHub Search-GitHub SearchUITests-checkManifestLockResult.txt",
			);
			runOnlyForDeploymentPostprocessing = 0;
			shellPath = /bin/sh;
			shellScript = "diff \"${PODS_PODFILE_DIR_PATH}/Podfile.lock\" \"${PODS_ROOT}/Manifest.lock\" > /dev/null\nif [ $? != 0 ] ; then\n    # print error to STDERR\n    echo \"error: The sandbox is not in sync with the Podfile.lock. Run 'pod install' or update your CocoaPods installation.\" >&2\n    exit 1\nfi\n# This output is used by Xcode 'outputs' to avoid re-running this script phase.\necho \"SUCCESS\" > \"${SCRIPT_OUTPUT_FILE_0}\"\n";
			showEnvVarsInLog = 0;
		};
		9797F446688A0F7D6994C3EA /* [CP] Embed Pods Frameworks */ = {
			isa = PBXShellScriptBuildPhase;
			buildActionMask = 2147483647;
			files = (
			);
			inputFileListPaths = (
				"${PODS_ROOT}/Target Support Files/Pods-GitHub SearchTests/Pods-GitHub SearchTests-frameworks-${CONFIGURATION}-input-files.xcfilelist",
			);
			name = "[CP] Embed Pods Frameworks";
			outputFileListPaths = (
				"${PODS_ROOT}/Target Support Files/Pods-GitHub SearchTests/Pods-GitHub SearchTests-frameworks-${CONFIGURATION}-output-files.xcfilelist",
			);
			runOnlyForDeploymentPostprocessing = 0;
			shellPath = /bin/sh;
			shellScript = "\"${PODS_ROOT}/Target Support Files/Pods-GitHub SearchTests/Pods-GitHub SearchTests-frameworks.sh\"\n";
			showEnvVarsInLog = 0;
		};
/* End PBXShellScriptBuildPhase section */

/* Begin PBXSourcesBuildPhase section */
		B650C34D26DD20D300795627 /* Sources */ = {
			isa = PBXSourcesBuildPhase;
			buildActionMask = 2147483647;
			files = (
				B650C39426DD21C100795627 /* Repository.swift in Sources */,
				B67C7F3626E8DDD600FAB498 /* MainViewController.swift in Sources */,
				B67C7F4926E8FF7E00FAB498 /* SearchRepositoriesResponse.swift in Sources */,
				B650C3A326DD28EB00795627 /* APIErrorHandler.swift in Sources */,
				B650C35526DD20D300795627 /* AppDelegate.swift in Sources */,
				B650C3AA26DD2FD200795627 /* JSONDecodable.swift in Sources */,
				B650C3AD26DD306600795627 /* ResponseParsingError.swift in Sources */,
				B67C7F3226E8DC8D00FAB498 /* SearchRepositoriesRequest.swift in Sources */,
				B650C38826DD214C00795627 /* APIRequest.swift in Sources */,
				B67C7F4326E8F7CC00FAB498 /* SearchRepositoriesResponseParser.swift in Sources */,
				B67C7F4526E8FB6800FAB498 /* JSONResponseParser.swift in Sources */,
				B67C7F4B26E90C2900FAB498 /* SearchRepositoriesNextPageRequest.swift in Sources */,
				B67C7F3526E8DDD600FAB498 /* MainPresenter.swift in Sources */,
				B650C3AF26DD357900795627 /* Thenable+Extensions.swift in Sources */,
				B650C35726DD20D300795627 /* SceneDelegate.swift in Sources */,
				B650C3A726DD2B9C00795627 /* HTTPMethod.swift in Sources */,
				B650C3A526DD294A00795627 /* APIClient.swift in Sources */,
				B67C7F3D26E8F6E000FAB498 /* ResponseParser.swift in Sources */,
			);
			runOnlyForDeploymentPostprocessing = 0;
		};
		B650C36326DD20D400795627 /* Sources */ = {
			isa = PBXSourcesBuildPhase;
			buildActionMask = 2147483647;
			files = (
				B650C39C26DD280C00795627 /* APIClientTests.swift in Sources */,
				B67C7F4E26E90ED400FAB498 /* MainPresenterTests.swift in Sources */,
			);
			runOnlyForDeploymentPostprocessing = 0;
		};
		B650C36E26DD20D400795627 /* Sources */ = {
			isa = PBXSourcesBuildPhase;
			buildActionMask = 2147483647;
			files = (
				B650C37726DD20D400795627 /* GitHub_SearchUITests.swift in Sources */,
			);
			runOnlyForDeploymentPostprocessing = 0;
		};
/* End PBXSourcesBuildPhase section */

/* Begin PBXTargetDependency section */
		B650C36926DD20D400795627 /* PBXTargetDependency */ = {
			isa = PBXTargetDependency;
			target = B650C35026DD20D300795627 /* GitHub Search */;
			targetProxy = B650C36826DD20D400795627 /* PBXContainerItemProxy */;
		};
		B650C37426DD20D400795627 /* PBXTargetDependency */ = {
			isa = PBXTargetDependency;
			target = B650C35026DD20D300795627 /* GitHub Search */;
			targetProxy = B650C37326DD20D400795627 /* PBXContainerItemProxy */;
		};
/* End PBXTargetDependency section */

/* Begin PBXVariantGroup section */
		B650C35A26DD20D300795627 /* Main.storyboard */ = {
			isa = PBXVariantGroup;
			children = (
				B650C35B26DD20D300795627 /* Base */,
			);
			name = Main.storyboard;
			sourceTree = "<group>";
		};
		B650C35F26DD20D400795627 /* LaunchScreen.storyboard */ = {
			isa = PBXVariantGroup;
			children = (
				B650C36026DD20D400795627 /* Base */,
			);
			name = LaunchScreen.storyboard;
			sourceTree = "<group>";
		};
/* End PBXVariantGroup section */

/* Begin XCBuildConfiguration section */
		B650C37926DD20D400795627 /* Debug */ = {
			isa = XCBuildConfiguration;
			buildSettings = {
				ALWAYS_SEARCH_USER_PATHS = NO;
				CLANG_ANALYZER_NONNULL = YES;
				CLANG_ANALYZER_NUMBER_OBJECT_CONVERSION = YES_AGGRESSIVE;
				CLANG_CXX_LANGUAGE_STANDARD = "gnu++14";
				CLANG_CXX_LIBRARY = "libc++";
				CLANG_ENABLE_MODULES = YES;
				CLANG_ENABLE_OBJC_ARC = YES;
				CLANG_ENABLE_OBJC_WEAK = YES;
				CLANG_WARN_BLOCK_CAPTURE_AUTORELEASING = YES;
				CLANG_WARN_BOOL_CONVERSION = YES;
				CLANG_WARN_COMMA = YES;
				CLANG_WARN_CONSTANT_CONVERSION = YES;
				CLANG_WARN_DEPRECATED_OBJC_IMPLEMENTATIONS = YES;
				CLANG_WARN_DIRECT_OBJC_ISA_USAGE = YES_ERROR;
				CLANG_WARN_DOCUMENTATION_COMMENTS = YES;
				CLANG_WARN_EMPTY_BODY = YES;
				CLANG_WARN_ENUM_CONVERSION = YES;
				CLANG_WARN_INFINITE_RECURSION = YES;
				CLANG_WARN_INT_CONVERSION = YES;
				CLANG_WARN_NON_LITERAL_NULL_CONVERSION = YES;
				CLANG_WARN_OBJC_IMPLICIT_RETAIN_SELF = YES;
				CLANG_WARN_OBJC_LITERAL_CONVERSION = YES;
				CLANG_WARN_OBJC_ROOT_CLASS = YES_ERROR;
				CLANG_WARN_QUOTED_INCLUDE_IN_FRAMEWORK_HEADER = YES;
				CLANG_WARN_RANGE_LOOP_ANALYSIS = YES;
				CLANG_WARN_STRICT_PROTOTYPES = YES;
				CLANG_WARN_SUSPICIOUS_MOVE = YES;
				CLANG_WARN_UNGUARDED_AVAILABILITY = YES_AGGRESSIVE;
				CLANG_WARN_UNREACHABLE_CODE = YES;
				CLANG_WARN__DUPLICATE_METHOD_MATCH = YES;
				COPY_PHASE_STRIP = NO;
				DEBUG_INFORMATION_FORMAT = dwarf;
				ENABLE_STRICT_OBJC_MSGSEND = YES;
				ENABLE_TESTABILITY = YES;
				GCC_C_LANGUAGE_STANDARD = gnu11;
				GCC_DYNAMIC_NO_PIC = NO;
				GCC_NO_COMMON_BLOCKS = YES;
				GCC_OPTIMIZATION_LEVEL = 0;
				GCC_PREPROCESSOR_DEFINITIONS = (
					"DEBUG=1",
					"$(inherited)",
				);
				GCC_WARN_64_TO_32_BIT_CONVERSION = YES;
				GCC_WARN_ABOUT_RETURN_TYPE = YES_ERROR;
				GCC_WARN_UNDECLARED_SELECTOR = YES;
				GCC_WARN_UNINITIALIZED_AUTOS = YES_AGGRESSIVE;
				GCC_WARN_UNUSED_FUNCTION = YES;
				GCC_WARN_UNUSED_VARIABLE = YES;
				IPHONEOS_DEPLOYMENT_TARGET = 14.5;
				MTL_ENABLE_DEBUG_INFO = INCLUDE_SOURCE;
				MTL_FAST_MATH = YES;
				ONLY_ACTIVE_ARCH = YES;
				SDKROOT = iphoneos;
				SWIFT_ACTIVE_COMPILATION_CONDITIONS = DEBUG;
				SWIFT_OPTIMIZATION_LEVEL = "-Onone";
			};
			name = Debug;
		};
		B650C37A26DD20D400795627 /* Release */ = {
			isa = XCBuildConfiguration;
			buildSettings = {
				ALWAYS_SEARCH_USER_PATHS = NO;
				CLANG_ANALYZER_NONNULL = YES;
				CLANG_ANALYZER_NUMBER_OBJECT_CONVERSION = YES_AGGRESSIVE;
				CLANG_CXX_LANGUAGE_STANDARD = "gnu++14";
				CLANG_CXX_LIBRARY = "libc++";
				CLANG_ENABLE_MODULES = YES;
				CLANG_ENABLE_OBJC_ARC = YES;
				CLANG_ENABLE_OBJC_WEAK = YES;
				CLANG_WARN_BLOCK_CAPTURE_AUTORELEASING = YES;
				CLANG_WARN_BOOL_CONVERSION = YES;
				CLANG_WARN_COMMA = YES;
				CLANG_WARN_CONSTANT_CONVERSION = YES;
				CLANG_WARN_DEPRECATED_OBJC_IMPLEMENTATIONS = YES;
				CLANG_WARN_DIRECT_OBJC_ISA_USAGE = YES_ERROR;
				CLANG_WARN_DOCUMENTATION_COMMENTS = YES;
				CLANG_WARN_EMPTY_BODY = YES;
				CLANG_WARN_ENUM_CONVERSION = YES;
				CLANG_WARN_INFINITE_RECURSION = YES;
				CLANG_WARN_INT_CONVERSION = YES;
				CLANG_WARN_NON_LITERAL_NULL_CONVERSION = YES;
				CLANG_WARN_OBJC_IMPLICIT_RETAIN_SELF = YES;
				CLANG_WARN_OBJC_LITERAL_CONVERSION = YES;
				CLANG_WARN_OBJC_ROOT_CLASS = YES_ERROR;
				CLANG_WARN_QUOTED_INCLUDE_IN_FRAMEWORK_HEADER = YES;
				CLANG_WARN_RANGE_LOOP_ANALYSIS = YES;
				CLANG_WARN_STRICT_PROTOTYPES = YES;
				CLANG_WARN_SUSPICIOUS_MOVE = YES;
				CLANG_WARN_UNGUARDED_AVAILABILITY = YES_AGGRESSIVE;
				CLANG_WARN_UNREACHABLE_CODE = YES;
				CLANG_WARN__DUPLICATE_METHOD_MATCH = YES;
				COPY_PHASE_STRIP = NO;
				DEBUG_INFORMATION_FORMAT = "dwarf-with-dsym";
				ENABLE_NS_ASSERTIONS = NO;
				ENABLE_STRICT_OBJC_MSGSEND = YES;
				GCC_C_LANGUAGE_STANDARD = gnu11;
				GCC_NO_COMMON_BLOCKS = YES;
				GCC_WARN_64_TO_32_BIT_CONVERSION = YES;
				GCC_WARN_ABOUT_RETURN_TYPE = YES_ERROR;
				GCC_WARN_UNDECLARED_SELECTOR = YES;
				GCC_WARN_UNINITIALIZED_AUTOS = YES_AGGRESSIVE;
				GCC_WARN_UNUSED_FUNCTION = YES;
				GCC_WARN_UNUSED_VARIABLE = YES;
				IPHONEOS_DEPLOYMENT_TARGET = 14.5;
				MTL_ENABLE_DEBUG_INFO = NO;
				MTL_FAST_MATH = YES;
				SDKROOT = iphoneos;
				SWIFT_COMPILATION_MODE = wholemodule;
				SWIFT_OPTIMIZATION_LEVEL = "-O";
				VALIDATE_PRODUCT = YES;
			};
			name = Release;
		};
		B650C37C26DD20D400795627 /* Debug */ = {
			isa = XCBuildConfiguration;
			baseConfigurationReference = BB7473C19719CC8585AAFEE4 /* Pods-GitHub Search.debug.xcconfig */;
			buildSettings = {
				ASSETCATALOG_COMPILER_APPICON_NAME = AppIcon;
				ASSETCATALOG_COMPILER_GLOBAL_ACCENT_COLOR_NAME = AccentColor;
				CODE_SIGN_STYLE = Automatic;
				DEVELOPMENT_TEAM = RN5LWE7CLV;
				INFOPLIST_FILE = "GitHub Search/Resources/Info.plist";
				LD_RUNPATH_SEARCH_PATHS = (
					"$(inherited)",
					"@executable_path/Frameworks",
				);
				PRODUCT_BUNDLE_IDENTIFIER = "com.flystraightmedia.GitHub-Search";
				PRODUCT_NAME = "$(TARGET_NAME)";
				SWIFT_VERSION = 5.0;
				TARGETED_DEVICE_FAMILY = "1,2";
			};
			name = Debug;
		};
		B650C37D26DD20D400795627 /* Release */ = {
			isa = XCBuildConfiguration;
			baseConfigurationReference = C8011ACBA920F17E3B33DA49 /* Pods-GitHub Search.release.xcconfig */;
			buildSettings = {
				ASSETCATALOG_COMPILER_APPICON_NAME = AppIcon;
				ASSETCATALOG_COMPILER_GLOBAL_ACCENT_COLOR_NAME = AccentColor;
				CODE_SIGN_STYLE = Automatic;
				DEVELOPMENT_TEAM = RN5LWE7CLV;
				INFOPLIST_FILE = "GitHub Search/Resources/Info.plist";
				LD_RUNPATH_SEARCH_PATHS = (
					"$(inherited)",
					"@executable_path/Frameworks",
				);
				PRODUCT_BUNDLE_IDENTIFIER = "com.flystraightmedia.GitHub-Search";
				PRODUCT_NAME = "$(TARGET_NAME)";
				SWIFT_VERSION = 5.0;
				TARGETED_DEVICE_FAMILY = "1,2";
			};
			name = Release;
		};
		B650C37F26DD20D400795627 /* Debug */ = {
			isa = XCBuildConfiguration;
			baseConfigurationReference = 838F173A6565E42298DB4F8F /* Pods-GitHub SearchTests.debug.xcconfig */;
			buildSettings = {
				BUNDLE_LOADER = "$(TEST_HOST)";
				CLANG_ENABLE_MODULES = YES;
				CODE_SIGN_STYLE = Automatic;
				DEVELOPMENT_TEAM = RN5LWE7CLV;
				INFOPLIST_FILE = "GitHub SearchTests/Info.plist";
				IPHONEOS_DEPLOYMENT_TARGET = 14.5;
				LD_RUNPATH_SEARCH_PATHS = (
					"$(inherited)",
					"@executable_path/Frameworks",
					"@loader_path/Frameworks",
				);
				PRODUCT_BUNDLE_IDENTIFIER = "com.flystraightmedia.GitHub-SearchTests";
				PRODUCT_NAME = "$(TARGET_NAME)";
				SWIFT_OPTIMIZATION_LEVEL = "-Onone";
				SWIFT_VERSION = 5.0;
				TARGETED_DEVICE_FAMILY = "1,2";
				TEST_HOST = "$(BUILT_PRODUCTS_DIR)/GitHub Search.app/GitHub Search";
			};
			name = Debug;
		};
		B650C38026DD20D400795627 /* Release */ = {
			isa = XCBuildConfiguration;
			baseConfigurationReference = 6D346DECB1E09719B98FA1D3 /* Pods-GitHub SearchTests.release.xcconfig */;
			buildSettings = {
				BUNDLE_LOADER = "$(TEST_HOST)";
				CLANG_ENABLE_MODULES = YES;
				CODE_SIGN_STYLE = Automatic;
				DEVELOPMENT_TEAM = RN5LWE7CLV;
				INFOPLIST_FILE = "GitHub SearchTests/Info.plist";
				IPHONEOS_DEPLOYMENT_TARGET = 14.5;
				LD_RUNPATH_SEARCH_PATHS = (
					"$(inherited)",
					"@executable_path/Frameworks",
					"@loader_path/Frameworks",
				);
				PRODUCT_BUNDLE_IDENTIFIER = "com.flystraightmedia.GitHub-SearchTests";
				PRODUCT_NAME = "$(TARGET_NAME)";
				SWIFT_VERSION = 5.0;
				TARGETED_DEVICE_FAMILY = "1,2";
				TEST_HOST = "$(BUILT_PRODUCTS_DIR)/GitHub Search.app/GitHub Search";
			};
			name = Release;
		};
		B650C38226DD20D400795627 /* Debug */ = {
			isa = XCBuildConfiguration;
			baseConfigurationReference = 0809FFE48ABC9C9A1693D327 /* Pods-GitHub Search-GitHub SearchUITests.debug.xcconfig */;
			buildSettings = {
				CODE_SIGN_STYLE = Automatic;
				DEVELOPMENT_TEAM = RN5LWE7CLV;
				INFOPLIST_FILE = "GitHub SearchUITests/Info.plist";
				LD_RUNPATH_SEARCH_PATHS = (
					"$(inherited)",
					"@executable_path/Frameworks",
					"@loader_path/Frameworks",
				);
				PRODUCT_BUNDLE_IDENTIFIER = "com.flystraightmedia.GitHub-SearchUITests";
				PRODUCT_NAME = "$(TARGET_NAME)";
				SWIFT_VERSION = 5.0;
				TARGETED_DEVICE_FAMILY = "1,2";
				TEST_TARGET_NAME = "GitHub Search";
			};
			name = Debug;
		};
		B650C38326DD20D400795627 /* Release */ = {
			isa = XCBuildConfiguration;
			baseConfigurationReference = DDF659558C2631871E007AE6 /* Pods-GitHub Search-GitHub SearchUITests.release.xcconfig */;
			buildSettings = {
				CODE_SIGN_STYLE = Automatic;
				DEVELOPMENT_TEAM = RN5LWE7CLV;
				INFOPLIST_FILE = "GitHub SearchUITests/Info.plist";
				LD_RUNPATH_SEARCH_PATHS = (
					"$(inherited)",
					"@executable_path/Frameworks",
					"@loader_path/Frameworks",
				);
				PRODUCT_BUNDLE_IDENTIFIER = "com.flystraightmedia.GitHub-SearchUITests";
				PRODUCT_NAME = "$(TARGET_NAME)";
				SWIFT_VERSION = 5.0;
				TARGETED_DEVICE_FAMILY = "1,2";
				TEST_TARGET_NAME = "GitHub Search";
			};
			name = Release;
		};
/* End XCBuildConfiguration section */

/* Begin XCConfigurationList section */
		B650C34C26DD20D300795627 /* Build configuration list for PBXProject "GitHub Search" */ = {
			isa = XCConfigurationList;
			buildConfigurations = (
				B650C37926DD20D400795627 /* Debug */,
				B650C37A26DD20D400795627 /* Release */,
			);
			defaultConfigurationIsVisible = 0;
			defaultConfigurationName = Release;
		};
		B650C37B26DD20D400795627 /* Build configuration list for PBXNativeTarget "GitHub Search" */ = {
			isa = XCConfigurationList;
			buildConfigurations = (
				B650C37C26DD20D400795627 /* Debug */,
				B650C37D26DD20D400795627 /* Release */,
			);
			defaultConfigurationIsVisible = 0;
			defaultConfigurationName = Release;
		};
		B650C37E26DD20D400795627 /* Build configuration list for PBXNativeTarget "GitHub SearchTests" */ = {
			isa = XCConfigurationList;
			buildConfigurations = (
				B650C37F26DD20D400795627 /* Debug */,
				B650C38026DD20D400795627 /* Release */,
			);
			defaultConfigurationIsVisible = 0;
			defaultConfigurationName = Release;
		};
		B650C38126DD20D400795627 /* Build configuration list for PBXNativeTarget "GitHub SearchUITests" */ = {
			isa = XCConfigurationList;
			buildConfigurations = (
				B650C38226DD20D400795627 /* Debug */,
				B650C38326DD20D400795627 /* Release */,
			);
			defaultConfigurationIsVisible = 0;
			defaultConfigurationName = Release;
		};
/* End XCConfigurationList section */
	};
	rootObject = B650C34926DD20D300795627 /* Project object */;
}
